
Microsoft Visual Studio Solution File, Format Version 12.00
# Visual Studio Version 16
VisualStudioVersion = 16.0.31515.178
MinimumVisualStudioVersion = 10.0.40219.1
Project("{FAE04EC0-301F-11D3-BF4B-00C04F79EFBC}") = "SetSystemTime", "SetSystemTime.csproj", "{509C6F1E-39D1-4889-9FC6-8AF3D25D8473}"
EndProject
Global
	GlobalSection(SolutionConfigurationPlatforms) = preSolution
		Debug|Any CPU = Debug|Any CPU
		Release|Any CPU = Release|Any CPU
	EndGlobalSection
	GlobalSection(ProjectConfigurationPlatforms) = postSolution
		{509C6F1E-39D1-4889-9FC6-8AF3D25D8473}.Debug|Any CPU.ActiveCfg = Debug|Any CPU
		{509C6F1E-39D1-4889-9FC6-8AF3D25D8473}.Debug|Any CPU.Build.0 = Debug|Any CPU
		{509C6F1E-39D1-4889-9FC6-8AF3D25D8473}.Release|Any CPU.ActiveCfg = Release|Any CPU
		{509C6F1E-39D1-4889-9FC6-8AF3D25D8473}.Release|Any CPU.Build.0 = Release|Any CPU
	EndGlobalSection
	GlobalSection(SolutionProperties) = preSolution
		HideSolutionNode = FALSE
	EndGlobalSection
	GlobalSection(ExtensibilityGlobals) = postSolution
		SolutionGuid = {4BD86304-21A7-4269-B867-806FC8AEF019}
	EndGlobalSection
EndGlobal
